
Microsoft Visual Studio Solution File, Format Version 12.00
# Visual Studio Version 16
VisualStudioVersion = 16.0.29025.244
MinimumVisualStudioVersion = 10.0.40219.1
Project("{9A19103F-16F7-4668-BE54-9A1E7A4F7556}") = "Orleans.Clustering.Cassandra", "src\Orleans.Clustering.Cassandra\Orleans.Clustering.Cassandra.csproj", "{715DE586-77D5-48B1-AB5F-C3FE4E2FA1FD}"
EndProject
Project("{2150E333-8FDC-42A3-9474-1A3956D46DE8}") = "build", "build", "{91B10093-470D-4C12-A7A6-E1388E89937E}"
	ProjectSection(SolutionItems) = preProject
		appveyor.yml = appveyor.yml
		build\build.cmd = build\build.cmd
		build\build.ps1 = build\build.ps1
		Directory.Build.props = Directory.Build.props
		global.json = global.json
	EndProjectSection
EndProject
Global
	GlobalSection(SolutionConfigurationPlatforms) = preSolution
		Debug|Any CPU = Debug|Any CPU
		Release|Any CPU = Release|Any CPU
	EndGlobalSection
	GlobalSection(ProjectConfigurationPlatforms) = postSolution
		{715DE586-77D5-48B1-AB5F-C3FE4E2FA1FD}.Debug|Any CPU.ActiveCfg = Debug|Any CPU
		{715DE586-77D5-48B1-AB5F-C3FE4E2FA1FD}.Debug|Any CPU.Build.0 = Debug|Any CPU
		{715DE586-77D5-48B1-AB5F-C3FE4E2FA1FD}.Release|Any CPU.ActiveCfg = Release|Any CPU
		{715DE586-77D5-48B1-AB5F-C3FE4E2FA1FD}.Release|Any CPU.Build.0 = Release|Any CPU
	EndGlobalSection
	GlobalSection(SolutionProperties) = preSolution
		HideSolutionNode = FALSE
	EndGlobalSection
	GlobalSection(ExtensibilityGlobals) = postSolution
		SolutionGuid = {695ED350-2363-49F5-B682-38A3FD4DCCA3}
	EndGlobalSection
EndGlobal
